// !$*UTF8*$!
{
	archiveVersion = 1;
	classes = {
	};
	objectVersion = 56;
	objects = {

/* Begin PBXBuildFile section */
		6FD72C0B2A0CF12000C2F94E /* AppDelegate.swift in Sources */ = {isa = PBXBuildFile; fileRef = 6FD72C0A2A0CF12000C2F94E /* AppDelegate.swift */; };
		6FD72C0D2A0CF12000C2F94E /* SceneDelegate.swift in Sources */ = {isa = PBXBuildFile; fileRef = 6FD72C0C2A0CF12000C2F94E /* SceneDelegate.swift */; };
		6FD72C0F2A0CF12000C2F94E /* UserViewController.swift in Sources */ = {isa = PBXBuildFile; fileRef = 6FD72C0E2A0CF12000C2F94E /* UserViewController.swift */; };
		6FD72C142A0CF12200C2F94E /* Assets.xcassets in Resources */ = {isa = PBXBuildFile; fileRef = 6FD72C132A0CF12200C2F94E /* Assets.xcassets */; };
		6FD72C172A0CF12200C2F94E /* LaunchScreen.storyboard in Resources */ = {isa = PBXBuildFile; fileRef = 6FD72C152A0CF12200C2F94E /* LaunchScreen.storyboard */; };
		6FD72C222A0CF12200C2F94E /* ProtocolOrientedUIKitTests.swift in Sources */ = {isa = PBXBuildFile; fileRef = 6FD72C212A0CF12200C2F94E /* ProtocolOrientedUIKitTests.swift */; };
		6FD72C2C2A0CF12200C2F94E /* ProtocolOrientedUIKitUITests.swift in Sources */ = {isa = PBXBuildFile; fileRef = 6FD72C2B2A0CF12200C2F94E /* ProtocolOrientedUIKitUITests.swift */; };
		6FD72C2E2A0CF12200C2F94E /* ProtocolOrientedUIKitUITestsLaunchTests.swift in Sources */ = {isa = PBXBuildFile; fileRef = 6FD72C2D2A0CF12200C2F94E /* ProtocolOrientedUIKitUITestsLaunchTests.swift */; };
		6FD72C3E2A0CF84100C2F94E /* User.swift in Sources */ = {isa = PBXBuildFile; fileRef = 6FD72C3D2A0CF84100C2F94E /* User.swift */; };
		6FD72C402A0CF89B00C2F94E /* APIManager.swift in Sources */ = {isa = PBXBuildFile; fileRef = 6FD72C3F2A0CF89B00C2F94E /* APIManager.swift */; };
		6FD72C432A0CFBC500C2F94E /* UserViewModel.swift in Sources */ = {isa = PBXBuildFile; fileRef = 6FD72C422A0CFBC500C2F94E /* UserViewModel.swift */; };
		6FD72C452A0CFC6F00C2F94E /* UserService.swift in Sources */ = {isa = PBXBuildFile; fileRef = 6FD72C442A0CFC6F00C2F94E /* UserService.swift */; };
		6FD72C472A0CFE9400C2F94E /* OutPut.swift in Sources */ = {isa = PBXBuildFile; fileRef = 6FD72C462A0CFE9400C2F94E /* OutPut.swift */; };
/* End PBXBuildFile section */

/* Begin PBXContainerItemProxy section */
		6FD72C1E2A0CF12200C2F94E /* PBXContainerItemProxy */ = {
			isa = PBXContainerItemProxy;
			containerPortal = 6FD72BFF2A0CF12000C2F94E /* Project object */;
			proxyType = 1;
			remoteGlobalIDString = 6FD72C062A0CF12000C2F94E;
			remoteInfo = ProtocolOrientedUIKit;
		};
		6FD72C282A0CF12200C2F94E /* PBXContainerItemProxy */ = {
			isa = PBXContainerItemProxy;
			containerPortal = 6FD72BFF2A0CF12000C2F94E /* Project object */;
			proxyType = 1;
			remoteGlobalIDString = 6FD72C062A0CF12000C2F94E;
			remoteInfo = ProtocolOrientedUIKit;
		};
/* End PBXContainerItemProxy section */

/* Begin PBXFileReference section */
		6FD72C072A0CF12000C2F94E /* ProtocolOrientedUIKit.app */ = {isa = PBXFileReference; explicitFileType = wrapper.application; includeInIndex = 0; path = ProtocolOrientedUIKit.app; sourceTree = BUILT_PRODUCTS_DIR; };
		6FD72C0A2A0CF12000C2F94E /* AppDelegate.swift */ = {isa = PBXFileReference; lastKnownFileType = sourcecode.swift; path = AppDelegate.swift; sourceTree = "<group>"; };
		6FD72C0C2A0CF12000C2F94E /* SceneDelegate.swift */ = {isa = PBXFileReference; lastKnownFileType = sourcecode.swift; path = SceneDelegate.swift; sourceTree = "<group>"; };
		6FD72C0E2A0CF12000C2F94E /* UserViewController.swift */ = {isa = PBXFileReference; lastKnownFileType = sourcecode.swift; path = UserViewController.swift; sourceTree = "<group>"; };
		6FD72C132A0CF12200C2F94E /* Assets.xcassets */ = {isa = PBXFileReference; lastKnownFileType = folder.assetcatalog; path = Assets.xcassets; sourceTree = "<group>"; };
		6FD72C162A0CF12200C2F94E /* Base */ = {isa = PBXFileReference; lastKnownFileType = file.storyboard; name = Base; path = Base.lproj/LaunchScreen.storyboard; sourceTree = "<group>"; };
		6FD72C182A0CF12200C2F94E /* Info.plist */ = {isa = PBXFileReference; lastKnownFileType = text.plist.xml; path = Info.plist; sourceTree = "<group>"; };
		6FD72C1D2A0CF12200C2F94E /* ProtocolOrientedUIKitTests.xctest */ = {isa = PBXFileReference; explicitFileType = wrapper.cfbundle; includeInIndex = 0; path = ProtocolOrientedUIKitTests.xctest; sourceTree = BUILT_PRODUCTS_DIR; };
		6FD72C212A0CF12200C2F94E /* ProtocolOrientedUIKitTests.swift */ = {isa = PBXFileReference; lastKnownFileType = sourcecode.swift; path = ProtocolOrientedUIKitTests.swift; sourceTree = "<group>"; };
		6FD72C272A0CF12200C2F94E /* ProtocolOrientedUIKitUITests.xctest */ = {isa = PBXFileReference; explicitFileType = wrapper.cfbundle; includeInIndex = 0; path = ProtocolOrientedUIKitUITests.xctest; sourceTree = BUILT_PRODUCTS_DIR; };
		6FD72C2B2A0CF12200C2F94E /* ProtocolOrientedUIKitUITests.swift */ = {isa = PBXFileReference; lastKnownFileType = sourcecode.swift; path = ProtocolOrientedUIKitUITests.swift; sourceTree = "<group>"; };
		6FD72C2D2A0CF12200C2F94E /* ProtocolOrientedUIKitUITestsLaunchTests.swift */ = {isa = PBXFileReference; lastKnownFileType = sourcecode.swift; path = ProtocolOrientedUIKitUITestsLaunchTests.swift; sourceTree = "<group>"; };
		6FD72C3D2A0CF84100C2F94E /* User.swift */ = {isa = PBXFileReference; lastKnownFileType = sourcecode.swift; path = User.swift; sourceTree = "<group>"; };
		6FD72C3F2A0CF89B00C2F94E /* APIManager.swift */ = {isa = PBXFileReference; lastKnownFileType = sourcecode.swift; path = APIManager.swift; sourceTree = "<group>"; };
		6FD72C422A0CFBC500C2F94E /* UserViewModel.swift */ = {isa = PBXFileReference; lastKnownFileType = sourcecode.swift; path = UserViewModel.swift; sourceTree = "<group>"; };
		6FD72C442A0CFC6F00C2F94E /* UserService.swift */ = {isa = PBXFileReference; lastKnownFileType = sourcecode.swift; path = UserService.swift; sourceTree = "<group>"; };
		6FD72C462A0CFE9400C2F94E /* OutPut.swift */ = {isa = PBXFileReference; lastKnownFileType = sourcecode.swift; path = OutPut.swift; sourceTree = "<group>"; };
/* End PBXFileReference section */

/* Begin PBXFrameworksBuildPhase section */
		6FD72C042A0CF12000C2F94E /* Frameworks */ = {
			isa = PBXFrameworksBuildPhase;
			buildActionMask = 2147483647;
			files = (
			);
			runOnlyForDeploymentPostprocessing = 0;
		};
		6FD72C1A2A0CF12200C2F94E /* Frameworks */ = {
			isa = PBXFrameworksBuildPhase;
			buildActionMask = 2147483647;
			files = (
			);
			runOnlyForDeploymentPostprocessing = 0;
		};
		6FD72C242A0CF12200C2F94E /* Frameworks */ = {
			isa = PBXFrameworksBuildPhase;
			buildActionMask = 2147483647;
			files = (
			);
			runOnlyForDeploymentPostprocessing = 0;
		};
/* End PBXFrameworksBuildPhase section */

/* Begin PBXGroup section */
		6FD72BFE2A0CF12000C2F94E = {
			isa = PBXGroup;
			children = (
				6FD72C092A0CF12000C2F94E /* ProtocolOrientedUIKit */,
				6FD72C202A0CF12200C2F94E /* ProtocolOrientedUIKitTests */,
				6FD72C2A2A0CF12200C2F94E /* ProtocolOrientedUIKitUITests */,
				6FD72C082A0CF12000C2F94E /* Products */,
			);
			sourceTree = "<group>";
		};
		6FD72C082A0CF12000C2F94E /* Products */ = {
			isa = PBXGroup;
			children = (
				6FD72C072A0CF12000C2F94E /* ProtocolOrientedUIKit.app */,
				6FD72C1D2A0CF12200C2F94E /* ProtocolOrientedUIKitTests.xctest */,
				6FD72C272A0CF12200C2F94E /* ProtocolOrientedUIKitUITests.xctest */,
			);
			name = Products;
			sourceTree = "<group>";
		};
		6FD72C092A0CF12000C2F94E /* ProtocolOrientedUIKit */ = {
			isa = PBXGroup;
			children = (
				6FD72C412A0CFBB800C2F94E /* ViewModel */,
				6FD72C3C2A0CF80E00C2F94E /* Model */,
				6FD72C3B2A0CF80100C2F94E /* Service */,
				6FD72C3A2A0CF7F500C2F94E /* View */,
				6FD72C0A2A0CF12000C2F94E /* AppDelegate.swift */,
				6FD72C0C2A0CF12000C2F94E /* SceneDelegate.swift */,
				6FD72C132A0CF12200C2F94E /* Assets.xcassets */,
				6FD72C152A0CF12200C2F94E /* LaunchScreen.storyboard */,
				6FD72C182A0CF12200C2F94E /* Info.plist */,
			);
			path = ProtocolOrientedUIKit;
			sourceTree = "<group>";
		};
		6FD72C202A0CF12200C2F94E /* ProtocolOrientedUIKitTests */ = {
			isa = PBXGroup;
			children = (
				6FD72C212A0CF12200C2F94E /* ProtocolOrientedUIKitTests.swift */,
			);
			path = ProtocolOrientedUIKitTests;
			sourceTree = "<group>";
		};
		6FD72C2A2A0CF12200C2F94E /* ProtocolOrientedUIKitUITests */ = {
			isa = PBXGroup;
			children = (
				6FD72C2B2A0CF12200C2F94E /* ProtocolOrientedUIKitUITests.swift */,
				6FD72C2D2A0CF12200C2F94E /* ProtocolOrientedUIKitUITestsLaunchTests.swift */,
			);
			path = ProtocolOrientedUIKitUITests;
			sourceTree = "<group>";
		};
		6FD72C3A2A0CF7F500C2F94E /* View */ = {
			isa = PBXGroup;
			children = (
				6FD72C0E2A0CF12000C2F94E /* UserViewController.swift */,
			);
			path = View;
			sourceTree = "<group>";
		};
		6FD72C3B2A0CF80100C2F94E /* Service */ = {
			isa = PBXGroup;
			children = (
				6FD72C3F2A0CF89B00C2F94E /* APIManager.swift */,
				6FD72C442A0CFC6F00C2F94E /* UserService.swift */,
			);
			path = Service;
			sourceTree = "<group>";
		};
		6FD72C3C2A0CF80E00C2F94E /* Model */ = {
			isa = PBXGroup;
			children = (
				6FD72C3D2A0CF84100C2F94E /* User.swift */,
			);
			path = Model;
			sourceTree = "<group>";
		};
		6FD72C412A0CFBB800C2F94E /* ViewModel */ = {
			isa = PBXGroup;
			children = (
				6FD72C422A0CFBC500C2F94E /* UserViewModel.swift */,
				6FD72C462A0CFE9400C2F94E /* OutPut.swift */,
			);
			path = ViewModel;
			sourceTree = "<group>";
		};
/* End PBXGroup section */

/* Begin PBXNativeTarget section */
		6FD72C062A0CF12000C2F94E /* ProtocolOrientedUIKit */ = {
			isa = PBXNativeTarget;
			buildConfigurationList = 6FD72C312A0CF12200C2F94E /* Build configuration list for PBXNativeTarget "ProtocolOrientedUIKit" */;
			buildPhases = (
				6FD72C032A0CF12000C2F94E /* Sources */,
				6FD72C042A0CF12000C2F94E /* Frameworks */,
				6FD72C052A0CF12000C2F94E /* Resources */,
			);
			buildRules = (
			);
			dependencies = (
			);
			name = ProtocolOrientedUIKit;
			productName = ProtocolOrientedUIKit;
			productReference = 6FD72C072A0CF12000C2F94E /* ProtocolOrientedUIKit.app */;
			productType = "com.apple.product-type.application";
		};
		6FD72C1C2A0CF12200C2F94E /* ProtocolOrientedUIKitTests */ = {
			isa = PBXNativeTarget;
			buildConfigurationList = 6FD72C342A0CF12200C2F94E /* Build configuration list for PBXNativeTarget "ProtocolOrientedUIKitTests" */;
			buildPhases = (
				6FD72C192A0CF12200C2F94E /* Sources */,
				6FD72C1A2A0CF12200C2F94E /* Frameworks */,
				6FD72C1B2A0CF12200C2F94E /* Resources */,
			);
			buildRules = (
			);
			dependencies = (
				6FD72C1F2A0CF12200C2F94E /* PBXTargetDependency */,
			);
			name = ProtocolOrientedUIKitTests;
			productName = ProtocolOrientedUIKitTests;
			productReference = 6FD72C1D2A0CF12200C2F94E /* ProtocolOrientedUIKitTests.xctest */;
			productType = "com.apple.product-type.bundle.unit-test";
		};
		6FD72C262A0CF12200C2F94E /* ProtocolOrientedUIKitUITests */ = {
			isa = PBXNativeTarget;
			buildConfigurationList = 6FD72C372A0CF12200C2F94E /* Build configuration list for PBXNativeTarget "ProtocolOrientedUIKitUITests" */;
			buildPhases = (
				6FD72C232A0CF12200C2F94E /* Sources */,
				6FD72C242A0CF12200C2F94E /* Frameworks */,
				6FD72C252A0CF12200C2F94E /* Resources */,
			);
			buildRules = (
			);
			dependencies = (
				6FD72C292A0CF12200C2F94E /* PBXTargetDependency */,
			);
			name = ProtocolOrientedUIKitUITests;
			productName = ProtocolOrientedUIKitUITests;
			productReference = 6FD72C272A0CF12200C2F94E /* ProtocolOrientedUIKitUITests.xctest */;
			productType = "com.apple.product-type.bundle.ui-testing";
		};
/* End PBXNativeTarget section */

/* Begin PBXProject section */
		6FD72BFF2A0CF12000C2F94E /* Project object */ = {
			isa = PBXProject;
			attributes = {
				BuildIndependentTargetsInParallel = 1;
				LastSwiftUpdateCheck = 1420;
				LastUpgradeCheck = 1420;
				TargetAttributes = {
					6FD72C062A0CF12000C2F94E = {
						CreatedOnToolsVersion = 14.2;
					};
					6FD72C1C2A0CF12200C2F94E = {
						CreatedOnToolsVersion = 14.2;
						TestTargetID = 6FD72C062A0CF12000C2F94E;
					};
					6FD72C262A0CF12200C2F94E = {
						CreatedOnToolsVersion = 14.2;
						TestTargetID = 6FD72C062A0CF12000C2F94E;
					};
				};
			};
			buildConfigurationList = 6FD72C022A0CF12000C2F94E /* Build configuration list for PBXProject "ProtocolOrientedUIKit" */;
			compatibilityVersion = "Xcode 14.0";
			developmentRegion = en;
			hasScannedForEncodings = 0;
			knownRegions = (
				en,
				Base,
			);
			mainGroup = 6FD72BFE2A0CF12000C2F94E;
			productRefGroup = 6FD72C082A0CF12000C2F94E /* Products */;
			projectDirPath = "";
			projectRoot = "";
			targets = (
				6FD72C062A0CF12000C2F94E /* ProtocolOrientedUIKit */,
				6FD72C1C2A0CF12200C2F94E /* ProtocolOrientedUIKitTests */,
				6FD72C262A0CF12200C2F94E /* ProtocolOrientedUIKitUITests */,
			);
		};
/* End PBXProject section */

/* Begin PBXResourcesBuildPhase section */
		6FD72C052A0CF12000C2F94E /* Resources */ = {
			isa = PBXResourcesBuildPhase;
			buildActionMask = 2147483647;
			files = (
				6FD72C172A0CF12200C2F94E /* LaunchScreen.storyboard in Resources */,
				6FD72C142A0CF12200C2F94E /* Assets.xcassets in Resources */,
			);
			runOnlyForDeploymentPostprocessing = 0;
		};
		6FD72C1B2A0CF12200C2F94E /* Resources */ = {
			isa = PBXResourcesBuildPhase;
			buildActionMask = 2147483647;
			files = (
			);
			runOnlyForDeploymentPostprocessing = 0;
		};
		6FD72C252A0CF12200C2F94E /* Resources */ = {
			isa = PBXResourcesBuildPhase;
			buildActionMask = 2147483647;
			files = (
			);
			runOnlyForDeploymentPostprocessing = 0;
		};
/* End PBXResourcesBuildPhase section */

/* Begin PBXSourcesBuildPhase section */
		6FD72C032A0CF12000C2F94E /* Sources */ = {
			isa = PBXSourcesBuildPhase;
			buildActionMask = 2147483647;
			files = (
				6FD72C472A0CFE9400C2F94E /* OutPut.swift in Sources */,
				6FD72C452A0CFC6F00C2F94E /* UserService.swift in Sources */,
				6FD72C3E2A0CF84100C2F94E /* User.swift in Sources */,
				6FD72C432A0CFBC500C2F94E /* UserViewModel.swift in Sources */,
				6FD72C0F2A0CF12000C2F94E /* UserViewController.swift in Sources */,
				6FD72C402A0CF89B00C2F94E /* APIManager.swift in Sources */,
				6FD72C0B2A0CF12000C2F94E /* AppDelegate.swift in Sources */,
				6FD72C0D2A0CF12000C2F94E /* SceneDelegate.swift in Sources */,
			);
			runOnlyForDeploymentPostprocessing = 0;
		};
		6FD72C192A0CF12200C2F94E /* Sources */ = {
			isa = PBXSourcesBuildPhase;
			buildActionMask = 2147483647;
			files = (
				6FD72C222A0CF12200C2F94E /* ProtocolOrientedUIKitTests.swift in Sources */,
			);
			runOnlyForDeploymentPostprocessing = 0;
		};
		6FD72C232A0CF12200C2F94E /* Sources */ = {
			isa = PBXSourcesBuildPhase;
			buildActionMask = 2147483647;
			files = (
				6FD72C2C2A0CF12200C2F94E /* ProtocolOrientedUIKitUITests.swift in Sources */,
				6FD72C2E2A0CF12200C2F94E /* ProtocolOrientedUIKitUITestsLaunchTests.swift in Sources */,
			);
			runOnlyForDeploymentPostprocessing = 0;
		};
/* End PBXSourcesBuildPhase section */

/* Begin PBXTargetDependency section */
		6FD72C1F2A0CF12200C2F94E /* PBXTargetDependency */ = {
			isa = PBXTargetDependency;
			target = 6FD72C062A0CF12000C2F94E /* ProtocolOrientedUIKit */;
			targetProxy = 6FD72C1E2A0CF12200C2F94E /* PBXContainerItemProxy */;
		};
		6FD72C292A0CF12200C2F94E /* PBXTargetDependency */ = {
			isa = PBXTargetDependency;
			target = 6FD72C062A0CF12000C2F94E /* ProtocolOrientedUIKit */;
			targetProxy = 6FD72C282A0CF12200C2F94E /* PBXContainerItemProxy */;
		};
/* End PBXTargetDependency section */

/* Begin PBXVariantGroup section */
		6FD72C152A0CF12200C2F94E /* LaunchScreen.storyboard */ = {
			isa = PBXVariantGroup;
			children = (
				6FD72C162A0CF12200C2F94E /* Base */,
			);
			name = LaunchScreen.storyboard;
			sourceTree = "<group>";
		};
/* End PBXVariantGroup section */

/* Begin XCBuildConfiguration section */
		6FD72C2F2A0CF12200C2F94E /* Debug */ = {
			isa = XCBuildConfiguration;
			buildSettings = {
				ALWAYS_SEARCH_USER_PATHS = NO;
				CLANG_ANALYZER_NONNULL = YES;
				CLANG_ANALYZER_NUMBER_OBJECT_CONVERSION = YES_AGGRESSIVE;
				CLANG_CXX_LANGUAGE_STANDARD = "gnu++20";
				CLANG_ENABLE_MODULES = YES;
				CLANG_ENABLE_OBJC_ARC = YES;
				CLANG_ENABLE_OBJC_WEAK = YES;
				CLANG_WARN_BLOCK_CAPTURE_AUTORELEASING = YES;
				CLANG_WARN_BOOL_CONVERSION = YES;
				CLANG_WARN_COMMA = YES;
				CLANG_WARN_CONSTANT_CONVERSION = YES;
				CLANG_WARN_DEPRECATED_OBJC_IMPLEMENTATIONS = YES;
				CLANG_WARN_DIRECT_OBJC_ISA_USAGE = YES_ERROR;
				CLANG_WARN_DOCUMENTATION_COMMENTS = YES;
				CLANG_WARN_EMPTY_BODY = YES;
				CLANG_WARN_ENUM_CONVERSION = YES;
				CLANG_WARN_INFINITE_RECURSION = YES;
				CLANG_WARN_INT_CONVERSION = YES;
				CLANG_WARN_NON_LITERAL_NULL_CONVERSION = YES;
				CLANG_WARN_OBJC_IMPLICIT_RETAIN_SELF = YES;
				CLANG_WARN_OBJC_LITERAL_CONVERSION = YES;
				CLANG_WARN_OBJC_ROOT_CLASS = YES_ERROR;
				CLANG_WARN_QUOTED_INCLUDE_IN_FRAMEWORK_HEADER = YES;
				CLANG_WARN_RANGE_LOOP_ANALYSIS = YES;
				CLANG_WARN_STRICT_PROTOTYPES = YES;
				CLANG_WARN_SUSPICIOUS_MOVE = YES;
				CLANG_WARN_UNGUARDED_AVAILABILITY = YES_AGGRESSIVE;
				CLANG_WARN_UNREACHABLE_CODE = YES;
				CLANG_WARN__DUPLICATE_METHOD_MATCH = YES;
				COPY_PHASE_STRIP = NO;
				DEBUG_INFORMATION_FORMAT = dwarf;
				ENABLE_STRICT_OBJC_MSGSEND = YES;
				ENABLE_TESTABILITY = YES;
				GCC_C_LANGUAGE_STANDARD = gnu11;
				GCC_DYNAMIC_NO_PIC = NO;
				GCC_NO_COMMON_BLOCKS = YES;
				GCC_OPTIMIZATION_LEVEL = 0;
				GCC_PREPROCESSOR_DEFINITIONS = (
					"DEBUG=1",
					"$(inherited)",
				);
				GCC_WARN_64_TO_32_BIT_CONVERSION = YES;
				GCC_WARN_ABOUT_RETURN_TYPE = YES_ERROR;
				GCC_WARN_UNDECLARED_SELECTOR = YES;
				GCC_WARN_UNINITIALIZED_AUTOS = YES_AGGRESSIVE;
				GCC_WARN_UNUSED_FUNCTION = YES;
				GCC_WARN_UNUSED_VARIABLE = YES;
				IPHONEOS_DEPLOYMENT_TARGET = 16.2;
				MTL_ENABLE_DEBUG_INFO = INCLUDE_SOURCE;
				MTL_FAST_MATH = YES;
				ONLY_ACTIVE_ARCH = YES;
				SDKROOT = iphoneos;
				SWIFT_ACTIVE_COMPILATION_CONDITIONS = DEBUG;
				SWIFT_OPTIMIZATION_LEVEL = "-Onone";
			};
			name = Debug;
		};
		6FD72C302A0CF12200C2F94E /* Release */ = {
			isa = XCBuildConfiguration;
			buildSettings = {
				ALWAYS_SEARCH_USER_PATHS = NO;
				CLANG_ANALYZER_NONNULL = YES;
				CLANG_ANALYZER_NUMBER_OBJECT_CONVERSION = YES_AGGRESSIVE;
				CLANG_CXX_LANGUAGE_STANDARD = "gnu++20";
				CLANG_ENABLE_MODULES = YES;
				CLANG_ENABLE_OBJC_ARC = YES;
				CLANG_ENABLE_OBJC_WEAK = YES;
				CLANG_WARN_BLOCK_CAPTURE_AUTORELEASING = YES;
				CLANG_WARN_BOOL_CONVERSION = YES;
				CLANG_WARN_COMMA = YES;
				CLANG_WARN_CONSTANT_CONVERSION = YES;
				CLANG_WARN_DEPRECATED_OBJC_IMPLEMENTATIONS = YES;
				CLANG_WARN_DIRECT_OBJC_ISA_USAGE = YES_ERROR;
				CLANG_WARN_DOCUMENTATION_COMMENTS = YES;
				CLANG_WARN_EMPTY_BODY = YES;
				CLANG_WARN_ENUM_CONVERSION = YES;
				CLANG_WARN_INFINITE_RECURSION = YES;
				CLANG_WARN_INT_CONVERSION = YES;
				CLANG_WARN_NON_LITERAL_NULL_CONVERSION = YES;
				CLANG_WARN_OBJC_IMPLICIT_RETAIN_SELF = YES;
				CLANG_WARN_OBJC_LITERAL_CONVERSION = YES;
				CLANG_WARN_OBJC_ROOT_CLASS = YES_ERROR;
				CLANG_WARN_QUOTED_INCLUDE_IN_FRAMEWORK_HEADER = YES;
				CLANG_WARN_RANGE_LOOP_ANALYSIS = YES;
				CLANG_WARN_STRICT_PROTOTYPES = YES;
				CLANG_WARN_SUSPICIOUS_MOVE = YES;
				CLANG_WARN_UNGUARDED_AVAILABILITY = YES_AGGRESSIVE;
				CLANG_WARN_UNREACHABLE_CODE = YES;
				CLANG_WARN__DUPLICATE_METHOD_MATCH = YES;
				COPY_PHASE_STRIP = NO;
				DEBUG_INFORMATION_FORMAT = "dwarf-with-dsym";
				ENABLE_NS_ASSERTIONS = NO;
				ENABLE_STRICT_OBJC_MSGSEND = YES;
				GCC_C_LANGUAGE_STANDARD = gnu11;
				GCC_NO_COMMON_BLOCKS = YES;
				GCC_WARN_64_TO_32_BIT_CONVERSION = YES;
				GCC_WARN_ABOUT_RETURN_TYPE = YES_ERROR;
				GCC_WARN_UNDECLARED_SELECTOR = YES;
				GCC_WARN_UNINITIALIZED_AUTOS = YES_AGGRESSIVE;
				GCC_WARN_UNUSED_FUNCTION = YES;
				GCC_WARN_UNUSED_VARIABLE = YES;
				IPHONEOS_DEPLOYMENT_TARGET = 16.2;
				MTL_ENABLE_DEBUG_INFO = NO;
				MTL_FAST_MATH = YES;
				SDKROOT = iphoneos;
				SWIFT_COMPILATION_MODE = wholemodule;
				SWIFT_OPTIMIZATION_LEVEL = "-O";
				VALIDATE_PRODUCT = YES;
			};
			name = Release;
		};
		6FD72C322A0CF12200C2F94E /* Debug */ = {
			isa = XCBuildConfiguration;
			buildSettings = {
				ASSETCATALOG_COMPILER_APPICON_NAME = AppIcon;
				ASSETCATALOG_COMPILER_GLOBAL_ACCENT_COLOR_NAME = AccentColor;
				CODE_SIGN_STYLE = Automatic;
				CURRENT_PROJECT_VERSION = 1;
				DEVELOPMENT_TEAM = C6BZF2R2MD;
				GENERATE_INFOPLIST_FILE = YES;
				INFOPLIST_FILE = ProtocolOrientedUIKit/Info.plist;
				INFOPLIST_KEY_UIApplicationSupportsIndirectInputEvents = YES;
				INFOPLIST_KEY_UILaunchStoryboardName = LaunchScreen;
				INFOPLIST_KEY_UISupportedInterfaceOrientations_iPad = "UIInterfaceOrientationPortrait UIInterfaceOrientationPortraitUpsideDown UIInterfaceOrientationLandscapeLeft UIInterfaceOrientationLandscapeRight";
				INFOPLIST_KEY_UISupportedInterfaceOrientations_iPhone = "UIInterfaceOrientationPortrait UIInterfaceOrientationLandscapeLeft UIInterfaceOrientationLandscapeRight";
				LD_RUNPATH_SEARCH_PATHS = (
					"$(inherited)",
					"@executable_path/Frameworks",
				);
				MARKETING_VERSION = 1.0;
				PRODUCT_BUNDLE_IDENTIFIER = com.ihsanburakafyonlu.ProtocolOrientedUIKit;
				PRODUCT_NAME = "$(TARGET_NAME)";
				SWIFT_EMIT_LOC_STRINGS = YES;
				SWIFT_VERSION = 5.0;
				TARGETED_DEVICE_FAMILY = "1,2";
			};
			name = Debug;
		};
		6FD72C332A0CF12200C2F94E /* Release */ = {
			isa = XCBuildConfiguration;
			buildSettings = {
				ASSETCATALOG_COMPILER_APPICON_NAME = AppIcon;
				ASSETCATALOG_COMPILER_GLOBAL_ACCENT_COLOR_NAME = AccentColor;
				CODE_SIGN_STYLE = Automatic;
				CURRENT_PROJECT_VERSION = 1;
				DEVELOPMENT_TEAM = C6BZF2R2MD;
				GENERATE_INFOPLIST_FILE = YES;
				INFOPLIST_FILE = ProtocolOrientedUIKit/Info.plist;
				INFOPLIST_KEY_UIApplicationSupportsIndirectInputEvents = YES;
				INFOPLIST_KEY_UILaunchStoryboardName = LaunchScreen;
				INFOPLIST_KEY_UISupportedInterfaceOrientations_iPad = "UIInterfaceOrientationPortrait UIInterfaceOrientationPortraitUpsideDown UIInterfaceOrientationLandscapeLeft UIInterfaceOrientationLandscapeRight";
				INFOPLIST_KEY_UISupportedInterfaceOrientations_iPhone = "UIInterfaceOrientationPortrait UIInterfaceOrientationLandscapeLeft UIInterfaceOrientationLandscapeRight";
				LD_RUNPATH_SEARCH_PATHS = (
					"$(inherited)",
					"@executable_path/Frameworks",
				);
				MARKETING_VERSION = 1.0;
				PRODUCT_BUNDLE_IDENTIFIER = com.ihsanburakafyonlu.ProtocolOrientedUIKit;
				PRODUCT_NAME = "$(TARGET_NAME)";
				SWIFT_EMIT_LOC_STRINGS = YES;
				SWIFT_VERSION = 5.0;
				TARGETED_DEVICE_FAMILY = "1,2";
			};
			name = Release;
		};
		6FD72C352A0CF12200C2F94E /* Debug */ = {
			isa = XCBuildConfiguration;
			buildSettings = {
				ALWAYS_EMBED_SWIFT_STANDARD_LIBRARIES = YES;
				BUNDLE_LOADER = "$(TEST_HOST)";
				CODE_SIGN_STYLE = Automatic;
				CURRENT_PROJECT_VERSION = 1;
				DEVELOPMENT_TEAM = C6BZF2R2MD;
				GENERATE_INFOPLIST_FILE = YES;
				IPHONEOS_DEPLOYMENT_TARGET = 16.2;
				MARKETING_VERSION = 1.0;
				PRODUCT_BUNDLE_IDENTIFIER = com.ihsanburakafyonlu.ProtocolOrientedUIKitTests;
				PRODUCT_NAME = "$(TARGET_NAME)";
				SWIFT_EMIT_LOC_STRINGS = NO;
				SWIFT_VERSION = 5.0;
				TARGETED_DEVICE_FAMILY = "1,2";
				TEST_HOST = "$(BUILT_PRODUCTS_DIR)/ProtocolOrientedUIKit.app/$(BUNDLE_EXECUTABLE_FOLDER_PATH)/ProtocolOrientedUIKit";
			};
			name = Debug;
		};
		6FD72C362A0CF12200C2F94E /* Release */ = {
			isa = XCBuildConfiguration;
			buildSettings = {
				ALWAYS_EMBED_SWIFT_STANDARD_LIBRARIES = YES;
				BUNDLE_LOADER = "$(TEST_HOST)";
				CODE_SIGN_STYLE = Automatic;
				CURRENT_PROJECT_VERSION = 1;
				DEVELOPMENT_TEAM = C6BZF2R2MD;
				GENERATE_INFOPLIST_FILE = YES;
				IPHONEOS_DEPLOYMENT_TARGET = 16.2;
				MARKETING_VERSION = 1.0;
				PRODUCT_BUNDLE_IDENTIFIER = com.ihsanburakafyonlu.ProtocolOrientedUIKitTests;
				PRODUCT_NAME = "$(TARGET_NAME)";
				SWIFT_EMIT_LOC_STRINGS = NO;
				SWIFT_VERSION = 5.0;
				TARGETED_DEVICE_FAMILY = "1,2";
				TEST_HOST = "$(BUILT_PRODUCTS_DIR)/ProtocolOrientedUIKit.app/$(BUNDLE_EXECUTABLE_FOLDER_PATH)/ProtocolOrientedUIKit";
			};
			name = Release;
		};
		6FD72C382A0CF12200C2F94E /* Debug */ = {
			isa = XCBuildConfiguration;
			buildSettings = {
				ALWAYS_EMBED_SWIFT_STANDARD_LIBRARIES = YES;
				CODE_SIGN_STYLE = Automatic;
				CURRENT_PROJECT_VERSION = 1;
				DEVELOPMENT_TEAM = C6BZF2R2MD;
				GENERATE_INFOPLIST_FILE = YES;
				MARKETING_VERSION = 1.0;
				PRODUCT_BUNDLE_IDENTIFIER = com.ihsanburakafyonlu.ProtocolOrientedUIKitUITests;
				PRODUCT_NAME = "$(TARGET_NAME)";
				SWIFT_EMIT_LOC_STRINGS = NO;
				SWIFT_VERSION = 5.0;
				TARGETED_DEVICE_FAMILY = "1,2";
				TEST_TARGET_NAME = ProtocolOrientedUIKit;
			};
			name = Debug;
		};
		6FD72C392A0CF12200C2F94E /* Release */ = {
			isa = XCBuildConfiguration;
			buildSettings = {
				ALWAYS_EMBED_SWIFT_STANDARD_LIBRARIES = YES;
				CODE_SIGN_STYLE = Automatic;
				CURRENT_PROJECT_VERSION = 1;
				DEVELOPMENT_TEAM = C6BZF2R2MD;
				GENERATE_INFOPLIST_FILE = YES;
				MARKETING_VERSION = 1.0;
				PRODUCT_BUNDLE_IDENTIFIER = com.ihsanburakafyonlu.ProtocolOrientedUIKitUITests;
				PRODUCT_NAME = "$(TARGET_NAME)";
				SWIFT_EMIT_LOC_STRINGS = NO;
				SWIFT_VERSION = 5.0;
				TARGETED_DEVICE_FAMILY = "1,2";
				TEST_TARGET_NAME = ProtocolOrientedUIKit;
			};
			name = Release;
		};
/* End XCBuildConfiguration section */

/* Begin XCConfigurationList section */
		6FD72C022A0CF12000C2F94E /* Build configuration list for PBXProject "ProtocolOrientedUIKit" */ = {
			isa = XCConfigurationList;
			buildConfigurations = (
				6FD72C2F2A0CF12200C2F94E /* Debug */,
				6FD72C302A0CF12200C2F94E /* Release */,
			);
			defaultConfigurationIsVisible = 0;
			defaultConfigurationName = Release;
		};
		6FD72C312A0CF12200C2F94E /* Build configuration list for PBXNativeTarget "ProtocolOrientedUIKit" */ = {
			isa = XCConfigurationList;
			buildConfigurations = (
				6FD72C322A0CF12200C2F94E /* Debug */,
				6FD72C332A0CF12200C2F94E /* Release */,
			);
			defaultConfigurationIsVisible = 0;
			defaultConfigurationName = Release;
		};
		6FD72C342A0CF12200C2F94E /* Build configuration list for PBXNativeTarget "ProtocolOrientedUIKitTests" */ = {
			isa = XCConfigurationList;
			buildConfigurations = (
				6FD72C352A0CF12200C2F94E /* Debug */,
				6FD72C362A0CF12200C2F94E /* Release */,
			);
			defaultConfigurationIsVisible = 0;
			defaultConfigurationName = Release;
		};
		6FD72C372A0CF12200C2F94E /* Build configuration list for PBXNativeTarget "ProtocolOrientedUIKitUITests" */ = {
			isa = XCConfigurationList;
			buildConfigurations = (
				6FD72C382A0CF12200C2F94E /* Debug */,
				6FD72C392A0CF12200C2F94E /* Release */,
			);
			defaultConfigurationIsVisible = 0;
			defaultConfigurationName = Release;
		};
/* End XCConfigurationList section */
	};
	rootObject = 6FD72BFF2A0CF12000C2F94E /* Project object */;
}
